// !$*UTF8*$!
{
	archiveVersion = 1;
	classes = {
	};
	objectVersion = 50;
	objects = {

/* Begin PBXBuildFile section */
		5DC80CD0229D88C800962089 /* AppDelegate.swift in Sources */ = {isa = PBXBuildFile; fileRef = 5DC80CCF229D88C800962089 /* AppDelegate.swift */; };
		5DC80CD2229D88C800962089 /* ViewController.swift in Sources */ = {isa = PBXBuildFile; fileRef = 5DC80CD1229D88C800962089 /* ViewController.swift */; };
		5DC80CD5229D88C800962089 /* Main.storyboard in Resources */ = {isa = PBXBuildFile; fileRef = 5DC80CD3229D88C800962089 /* Main.storyboard */; };
		5DC80CD7229D88C900962089 /* Assets.xcassets in Resources */ = {isa = PBXBuildFile; fileRef = 5DC80CD6229D88C900962089 /* Assets.xcassets */; };
		5DC80CDA229D88C900962089 /* LaunchScreen.storyboard in Resources */ = {isa = PBXBuildFile; fileRef = 5DC80CD8229D88C900962089 /* LaunchScreen.storyboard */; };
		B4C59A3AAB0598342CF253ED /* Pods_MaskingCall.framework in Frameworks */ = {isa = PBXBuildFile; fileRef = 05B9FFA4F9EFCAAF23DBD837 /* Pods_MaskingCall.framework */; };
/* End PBXBuildFile section */

/* Begin PBXFileReference section */
		05B9FFA4F9EFCAAF23DBD837 /* Pods_MaskingCall.framework */ = {isa = PBXFileReference; explicitFileType = wrapper.framework; includeInIndex = 0; path = Pods_MaskingCall.framework; sourceTree = BUILT_PRODUCTS_DIR; };
		5DC80CCC229D88C800962089 /* MaskingCall.app */ = {isa = PBXFileReference; explicitFileType = wrapper.application; includeInIndex = 0; path = MaskingCall.app; sourceTree = BUILT_PRODUCTS_DIR; };
		5DC80CCF229D88C800962089 /* AppDelegate.swift */ = {isa = PBXFileReference; lastKnownFileType = sourcecode.swift; path = AppDelegate.swift; sourceTree = "<group>"; };
		5DC80CD1229D88C800962089 /* ViewController.swift */ = {isa = PBXFileReference; lastKnownFileType = sourcecode.swift; path = ViewController.swift; sourceTree = "<group>"; };
		5DC80CD4229D88C800962089 /* Base */ = {isa = PBXFileReference; lastKnownFileType = file.storyboard; name = Base; path = Base.lproj/Main.storyboard; sourceTree = "<group>"; };
		5DC80CD6229D88C900962089 /* Assets.xcassets */ = {isa = PBXFileReference; lastKnownFileType = folder.assetcatalog; path = Assets.xcassets; sourceTree = "<group>"; };
		5DC80CD9229D88C900962089 /* Base */ = {isa = PBXFileReference; lastKnownFileType = file.storyboard; name = Base; path = Base.lproj/LaunchScreen.storyboard; sourceTree = "<group>"; };
		5DC80CDB229D88C900962089 /* Info.plist */ = {isa = PBXFileReference; lastKnownFileType = text.plist.xml; path = Info.plist; sourceTree = "<group>"; };
		666DD2C1D969276A35F3318F /* Pods-MaskingCall.release.xcconfig */ = {isa = PBXFileReference; includeInIndex = 1; lastKnownFileType = text.xcconfig; name = "Pods-MaskingCall.release.xcconfig"; path = "Target Support Files/Pods-MaskingCall/Pods-MaskingCall.release.xcconfig"; sourceTree = "<group>"; };
		EBB3F4A8D9AD2084ABD88956 /* Pods-MaskingCall.debug.xcconfig */ = {isa = PBXFileReference; includeInIndex = 1; lastKnownFileType = text.xcconfig; name = "Pods-MaskingCall.debug.xcconfig"; path = "Target Support Files/Pods-MaskingCall/Pods-MaskingCall.debug.xcconfig"; sourceTree = "<group>"; };
/* End PBXFileReference section */

/* Begin PBXFrameworksBuildPhase section */
		5DC80CC9229D88C800962089 /* Frameworks */ = {
			isa = PBXFrameworksBuildPhase;
			buildActionMask = 2147483647;
			files = (
				B4C59A3AAB0598342CF253ED /* Pods_MaskingCall.framework in Frameworks */,
			);
			runOnlyForDeploymentPostprocessing = 0;
		};
/* End PBXFrameworksBuildPhase section */

/* Begin PBXGroup section */
		5DC80CC3229D88C800962089 = {
			isa = PBXGroup;
			children = (
				5DC80CCE229D88C800962089 /* MaskingCall */,
				5DC80CCD229D88C800962089 /* Products */,
				CC8545D1E964200A8BAFCD1E /* Pods */,
				D2AB7355BC85C1F087B0695B /* Frameworks */,
			);
			sourceTree = "<group>";
		};
		5DC80CCD229D88C800962089 /* Products */ = {
			isa = PBXGroup;
			children = (
				5DC80CCC229D88C800962089 /* MaskingCall.app */,
			);
			name = Products;
			sourceTree = "<group>";
		};
		5DC80CCE229D88C800962089 /* MaskingCall */ = {
			isa = PBXGroup;
			children = (
				5DC80CCF229D88C800962089 /* AppDelegate.swift */,
				5DC80CD1229D88C800962089 /* ViewController.swift */,
				5DC80CD3229D88C800962089 /* Main.storyboard */,
				5DC80CD6229D88C900962089 /* Assets.xcassets */,
				5DC80CD8229D88C900962089 /* LaunchScreen.storyboard */,
				5DC80CDB229D88C900962089 /* Info.plist */,
			);
			path = MaskingCall;
			sourceTree = "<group>";
		};
		CC8545D1E964200A8BAFCD1E /* Pods */ = {
			isa = PBXGroup;
			children = (
				EBB3F4A8D9AD2084ABD88956 /* Pods-MaskingCall.debug.xcconfig */,
				666DD2C1D969276A35F3318F /* Pods-MaskingCall.release.xcconfig */,
			);
			name = Pods;
			path = Pods;
			sourceTree = "<group>";
		};
		D2AB7355BC85C1F087B0695B /* Frameworks */ = {
			isa = PBXGroup;
			children = (
				05B9FFA4F9EFCAAF23DBD837 /* Pods_MaskingCall.framework */,
			);
			name = Frameworks;
			sourceTree = "<group>";
		};
/* End PBXGroup section */

/* Begin PBXNativeTarget section */
		5DC80CCB229D88C800962089 /* MaskingCall */ = {
			isa = PBXNativeTarget;
			buildConfigurationList = 5DC80CDE229D88C900962089 /* Build configuration list for PBXNativeTarget "MaskingCall" */;
			buildPhases = (
				29BB02761103B2BE5374DA3A /* [CP] Check Pods Manifest.lock */,
				5DC80CC8229D88C800962089 /* Sources */,
				5DC80CC9229D88C800962089 /* Frameworks */,
				5DC80CCA229D88C800962089 /* Resources */,
				540723304130378A32664BE6 /* [CP] Embed Pods Frameworks */,
			);
			buildRules = (
			);
			dependencies = (
			);
			name = MaskingCall;
			productName = MaskingCall;
			productReference = 5DC80CCC229D88C800962089 /* MaskingCall.app */;
			productType = "com.apple.product-type.application";
		};
/* End PBXNativeTarget section */

/* Begin PBXProject section */
		5DC80CC4229D88C800962089 /* Project object */ = {
			isa = PBXProject;
			attributes = {
				LastSwiftUpdateCheck = 1020;
				LastUpgradeCheck = 1020;
				ORGANIZATIONNAME = manh.le;
				TargetAttributes = {
					5DC80CCB229D88C800962089 = {
						CreatedOnToolsVersion = 10.2;
					};
				};
			};
			buildConfigurationList = 5DC80CC7229D88C800962089 /* Build configuration list for PBXProject "MaskingCall" */;
			compatibilityVersion = "Xcode 9.3";
			developmentRegion = en;
			hasScannedForEncodings = 0;
			knownRegions = (
				en,
				Base,
			);
			mainGroup = 5DC80CC3229D88C800962089;
			productRefGroup = 5DC80CCD229D88C800962089 /* Products */;
			projectDirPath = "";
			projectRoot = "";
			targets = (
				5DC80CCB229D88C800962089 /* MaskingCall */,
			);
		};
/* End PBXProject section */

/* Begin PBXResourcesBuildPhase section */
		5DC80CCA229D88C800962089 /* Resources */ = {
			isa = PBXResourcesBuildPhase;
			buildActionMask = 2147483647;
			files = (
				5DC80CDA229D88C900962089 /* LaunchScreen.storyboard in Resources */,
				5DC80CD7229D88C900962089 /* Assets.xcassets in Resources */,
				5DC80CD5229D88C800962089 /* Main.storyboard in Resources */,
			);
			runOnlyForDeploymentPostprocessing = 0;
		};
/* End PBXResourcesBuildPhase section */

/* Begin PBXShellScriptBuildPhase section */
		29BB02761103B2BE5374DA3A /* [CP] Check Pods Manifest.lock */ = {
			isa = PBXShellScriptBuildPhase;
			buildActionMask = 2147483647;
			files = (
			);
			inputFileListPaths = (
			);
			inputPaths = (
				"${PODS_PODFILE_DIR_PATH}/Podfile.lock",
				"${PODS_ROOT}/Manifest.lock",
			);
			name = "[CP] Check Pods Manifest.lock";
			outputFileListPaths = (
			);
			outputPaths = (
				"$(DERIVED_FILE_DIR)/Pods-MaskingCall-checkManifestLockResult.txt",
			);
			runOnlyForDeploymentPostprocessing = 0;
			shellPath = /bin/sh;
			shellScript = "diff \"${PODS_PODFILE_DIR_PATH}/Podfile.lock\" \"${PODS_ROOT}/Manifest.lock\" > /dev/null\nif [ $? != 0 ] ; then\n    # print error to STDERR\n    echo \"error: The sandbox is not in sync with the Podfile.lock. Run 'pod install' or update your CocoaPods installation.\" >&2\n    exit 1\nfi\n# This output is used by Xcode 'outputs' to avoid re-running this script phase.\necho \"SUCCESS\" > \"${SCRIPT_OUTPUT_FILE_0}\"\n";
			showEnvVarsInLog = 0;
		};
		540723304130378A32664BE6 /* [CP] Embed Pods Frameworks */ = {
			isa = PBXShellScriptBuildPhase;
			buildActionMask = 2147483647;
			files = (
			);
			inputFileListPaths = (
				"${PODS_ROOT}/Target Support Files/Pods-MaskingCall/Pods-MaskingCall-frameworks-${CONFIGURATION}-input-files.xcfilelist",
			);
			name = "[CP] Embed Pods Frameworks";
			outputFileListPaths = (
				"${PODS_ROOT}/Target Support Files/Pods-MaskingCall/Pods-MaskingCall-frameworks-${CONFIGURATION}-output-files.xcfilelist",
			);
			runOnlyForDeploymentPostprocessing = 0;
			shellPath = /bin/sh;
			shellScript = "\"${PODS_ROOT}/Target Support Files/Pods-MaskingCall/Pods-MaskingCall-frameworks.sh\"\n";
			showEnvVarsInLog = 0;
		};
/* End PBXShellScriptBuildPhase section */

/* Begin PBXSourcesBuildPhase section */
		5DC80CC8229D88C800962089 /* Sources */ = {
			isa = PBXSourcesBuildPhase;
			buildActionMask = 2147483647;
			files = (
				5DC80CD2229D88C800962089 /* ViewController.swift in Sources */,
				5DC80CD0229D88C800962089 /* AppDelegate.swift in Sources */,
			);
			runOnlyForDeploymentPostprocessing = 0;
		};
/* End PBXSourcesBuildPhase section */

/* Begin PBXVariantGroup section */
		5DC80CD3229D88C800962089 /* Main.storyboard */ = {
			isa = PBXVariantGroup;
			children = (
				5DC80CD4229D88C800962089 /* Base */,
			);
			name = Main.storyboard;
			sourceTree = "<group>";
		};
		5DC80CD8229D88C900962089 /* LaunchScreen.storyboard */ = {
			isa = PBXVariantGroup;
			children = (
				5DC80CD9229D88C900962089 /* Base */,
			);
			name = LaunchScreen.storyboard;
			sourceTree = "<group>";
		};
/* End PBXVariantGroup section */

/* Begin XCBuildConfiguration section */
		5DC80CDC229D88C900962089 /* Debug */ = {
			isa = XCBuildConfiguration;
			buildSettings = {
				ALWAYS_SEARCH_USER_PATHS = NO;
				CLANG_ANALYZER_NONNULL = YES;
				CLANG_ANALYZER_NUMBER_OBJECT_CONVERSION = YES_AGGRESSIVE;
				CLANG_CXX_LANGUAGE_STANDARD = "gnu++14";
				CLANG_CXX_LIBRARY = "libc++";
				CLANG_ENABLE_MODULES = YES;
				CLANG_ENABLE_OBJC_ARC = YES;
				CLANG_ENABLE_OBJC_WEAK = YES;
				CLANG_WARN_BLOCK_CAPTURE_AUTORELEASING = YES;
				CLANG_WARN_BOOL_CONVERSION = YES;
				CLANG_WARN_COMMA = YES;
				CLANG_WARN_CONSTANT_CONVERSION = YES;
				CLANG_WARN_DEPRECATED_OBJC_IMPLEMENTATIONS = YES;
				CLANG_WARN_DIRECT_OBJC_ISA_USAGE = YES_ERROR;
				CLANG_WARN_DOCUMENTATION_COMMENTS = YES;
				CLANG_WARN_EMPTY_BODY = YES;
				CLANG_WARN_ENUM_CONVERSION = YES;
				CLANG_WARN_INFINITE_RECURSION = YES;
				CLANG_WARN_INT_CONVERSION = YES;
				CLANG_WARN_NON_LITERAL_NULL_CONVERSION = YES;
				CLANG_WARN_OBJC_IMPLICIT_RETAIN_SELF = YES;
				CLANG_WARN_OBJC_LITERAL_CONVERSION = YES;
				CLANG_WARN_OBJC_ROOT_CLASS = YES_ERROR;
				CLANG_WARN_RANGE_LOOP_ANALYSIS = YES;
				CLANG_WARN_STRICT_PROTOTYPES = YES;
				CLANG_WARN_SUSPICIOUS_MOVE = YES;
				CLANG_WARN_UNGUARDED_AVAILABILITY = YES_AGGRESSIVE;
				CLANG_WARN_UNREACHABLE_CODE = YES;
				CLANG_WARN__DUPLICATE_METHOD_MATCH = YES;
				CODE_SIGN_IDENTITY = "iPhone Developer";
				COPY_PHASE_STRIP = NO;
				DEBUG_INFORMATION_FORMAT = dwarf;
				ENABLE_STRICT_OBJC_MSGSEND = YES;
				ENABLE_TESTABILITY = YES;
				GCC_C_LANGUAGE_STANDARD = gnu11;
				GCC_DYNAMIC_NO_PIC = NO;
				GCC_NO_COMMON_BLOCKS = YES;
				GCC_OPTIMIZATION_LEVEL = 0;
				GCC_PREPROCESSOR_DEFINITIONS = (
					"DEBUG=1",
					"$(inherited)",
				);
				GCC_WARN_64_TO_32_BIT_CONVERSION = YES;
				GCC_WARN_ABOUT_RETURN_TYPE = YES_ERROR;
				GCC_WARN_UNDECLARED_SELECTOR = YES;
				GCC_WARN_UNINITIALIZED_AUTOS = YES_AGGRESSIVE;
				GCC_WARN_UNUSED_FUNCTION = YES;
				GCC_WARN_UNUSED_VARIABLE = YES;
				IPHONEOS_DEPLOYMENT_TARGET = 12.2;
				MTL_ENABLE_DEBUG_INFO = INCLUDE_SOURCE;
				MTL_FAST_MATH = YES;
				ONLY_ACTIVE_ARCH = YES;
				SDKROOT = iphoneos;
				SWIFT_ACTIVE_COMPILATION_CONDITIONS = DEBUG;
				SWIFT_OPTIMIZATION_LEVEL = "-Onone";
			};
			name = Debug;
		};
		5DC80CDD229D88C900962089 /* Release */ = {
			isa = XCBuildConfiguration;
			buildSettings = {
				ALWAYS_SEARCH_USER_PATHS = NO;
				CLANG_ANALYZER_NONNULL = YES;
				CLANG_ANALYZER_NUMBER_OBJECT_CONVERSION = YES_AGGRESSIVE;
				CLANG_CXX_LANGUAGE_STANDARD = "gnu++14";
				CLANG_CXX_LIBRARY = "libc++";
				CLANG_ENABLE_MODULES = YES;
				CLANG_ENABLE_OBJC_ARC = YES;
				CLANG_ENABLE_OBJC_WEAK = YES;
				CLANG_WARN_BLOCK_CAPTURE_AUTORELEASING = YES;
				CLANG_WARN_BOOL_CONVERSION = YES;
				CLANG_WARN_COMMA = YES;
				CLANG_WARN_CONSTANT_CONVERSION = YES;
				CLANG_WARN_DEPRECATED_OBJC_IMPLEMENTATIONS = YES;
				CLANG_WARN_DIRECT_OBJC_ISA_USAGE = YES_ERROR;
				CLANG_WARN_DOCUMENTATION_COMMENTS = YES;
				CLANG_WARN_EMPTY_BODY = YES;
				CLANG_WARN_ENUM_CONVERSION = YES;
				CLANG_WARN_INFINITE_RECURSION = YES;
				CLANG_WARN_INT_CONVERSION = YES;
				CLANG_WARN_NON_LITERAL_NULL_CONVERSION = YES;
				CLANG_WARN_OBJC_IMPLICIT_RETAIN_SELF = YES;
				CLANG_WARN_OBJC_LITERAL_CONVERSION = YES;
				CLANG_WARN_OBJC_ROOT_CLASS = YES_ERROR;
				CLANG_WARN_RANGE_LOOP_ANALYSIS = YES;
				CLANG_WARN_STRICT_PROTOTYPES = YES;
				CLANG_WARN_SUSPICIOUS_MOVE = YES;
				CLANG_WARN_UNGUARDED_AVAILABILITY = YES_AGGRESSIVE;
				CLANG_WARN_UNREACHABLE_CODE = YES;
				CLANG_WARN__DUPLICATE_METHOD_MATCH = YES;
				CODE_SIGN_IDENTITY = "iPhone Developer";
				COPY_PHASE_STRIP = NO;
				DEBUG_INFORMATION_FORMAT = "dwarf-with-dsym";
				ENABLE_NS_ASSERTIONS = NO;
				ENABLE_STRICT_OBJC_MSGSEND = YES;
				GCC_C_LANGUAGE_STANDARD = gnu11;
				GCC_NO_COMMON_BLOCKS = YES;
				GCC_WARN_64_TO_32_BIT_CONVERSION = YES;
				GCC_WARN_ABOUT_RETURN_TYPE = YES_ERROR;
				GCC_WARN_UNDECLARED_SELECTOR = YES;
				GCC_WARN_UNINITIALIZED_AUTOS = YES_AGGRESSIVE;
				GCC_WARN_UNUSED_FUNCTION = YES;
				GCC_WARN_UNUSED_VARIABLE = YES;
				IPHONEOS_DEPLOYMENT_TARGET = 12.2;
				MTL_ENABLE_DEBUG_INFO = NO;
				MTL_FAST_MATH = YES;
				SDKROOT = iphoneos;
				SWIFT_COMPILATION_MODE = wholemodule;
				SWIFT_OPTIMIZATION_LEVEL = "-O";
				VALIDATE_PRODUCT = YES;
			};
			name = Release;
		};
		5DC80CDF229D88C900962089 /* Debug */ = {
			isa = XCBuildConfiguration;
			baseConfigurationReference = EBB3F4A8D9AD2084ABD88956 /* Pods-MaskingCall.debug.xcconfig */;
			buildSettings = {
				ASSETCATALOG_COMPILER_APPICON_NAME = AppIcon;
				CODE_SIGN_STYLE = Automatic;
				DEVELOPMENT_TEAM = G5TV4A24RH;
				INFOPLIST_FILE = MaskingCall/Info.plist;
				LD_RUNPATH_SEARCH_PATHS = (
					"$(inherited)",
					"@executable_path/Frameworks",
				);
				PRODUCT_BUNDLE_IDENTIFIER = com.be.MaskingCall;
				PRODUCT_NAME = "$(TARGET_NAME)";
				SWIFT_VERSION = 5.0;
				TARGETED_DEVICE_FAMILY = "1,2";
			};
			name = Debug;
		};
		5DC80CE0229D88C900962089 /* Release */ = {
			isa = XCBuildConfiguration;
			baseConfigurationReference = 666DD2C1D969276A35F3318F /* Pods-MaskingCall.release.xcconfig */;
			buildSettings = {
				ASSETCATALOG_COMPILER_APPICON_NAME = AppIcon;
				CODE_SIGN_STYLE = Automatic;
				DEVELOPMENT_TEAM = G5TV4A24RH;
				INFOPLIST_FILE = MaskingCall/Info.plist;
				LD_RUNPATH_SEARCH_PATHS = (
					"$(inherited)",
					"@executable_path/Frameworks",
				);
				PRODUCT_BUNDLE_IDENTIFIER = com.be.MaskingCall;
				PRODUCT_NAME = "$(TARGET_NAME)";
				SWIFT_VERSION = 5.0;
				TARGETED_DEVICE_FAMILY = "1,2";
			};
			name = Release;
		};
/* End XCBuildConfiguration section */

/* Begin XCConfigurationList section */
		5DC80CC7229D88C800962089 /* Build configuration list for PBXProject "MaskingCall" */ = {
			isa = XCConfigurationList;
			buildConfigurations = (
				5DC80CDC229D88C900962089 /* Debug */,
				5DC80CDD229D88C900962089 /* Release */,
			);
			defaultConfigurationIsVisible = 0;
			defaultConfigurationName = Release;
		};
		5DC80CDE229D88C900962089 /* Build configuration list for PBXNativeTarget "MaskingCall" */ = {
			isa = XCConfigurationList;
			buildConfigurations = (
				5DC80CDF229D88C900962089 /* Debug */,
				5DC80CE0229D88C900962089 /* Release */,
			);
			defaultConfigurationIsVisible = 0;
			defaultConfigurationName = Release;
		};
/* End XCConfigurationList section */
	};
	rootObject = 5DC80CC4229D88C800962089 /* Project object */;
}
